
Microsoft Visual Studio Solution File, Format Version 12.00
# Visual Studio 15
VisualStudioVersion = 15.0.27703.2047
MinimumVisualStudioVersion = 10.0.40219.1
Project("{9A19103F-16F7-4668-BE54-9A1E7A4F7556}") = "BCC.MSBuildLog", "BCC.MSBuildLog\BCC.MSBuildLog.csproj", "{41F3FA0A-A6EE-4525-9B2B-523A0D5AD292}"
EndProject
Project("{9A19103F-16F7-4668-BE54-9A1E7A4F7556}") = "BCC.MSBuildLog.Tests", "BCC.MSBuildLog.Tests\BCC.MSBuildLog.Tests.csproj", "{55EB814D-E978-4EDA-A22C-353ED22FB2FD}"
EndProject
Project("{2150E333-8FDC-42A3-9474-1A3956D46DE8}") = "Build", "Build", "{FFB46A17-BCAF-4CC2-B19D-5870CA69E90D}"
	ProjectSection(SolutionItems) = preProject
		..\appveyor.yml = ..\appveyor.yml
		..\Build.fsx = ..\Build.fsx
		..\codecov.yml = ..\codecov.yml
		..\.chglog\config.yml = ..\.chglog\config.yml
		..\GitVersion.yml = ..\GitVersion.yml
		nuget.config = nuget.config
		..\nuget\Package.nuspec = ..\nuget\Package.nuspec
		..\paket.dependencies = ..\paket.dependencies
	EndProjectSection
EndProject
Project("{2150E333-8FDC-42A3-9474-1A3956D46DE8}") = "Documents", "Documents", "{21514985-11EB-4490-A990-8B074D458F2E}"
	ProjectSection(SolutionItems) = preProject
		..\CHANGELOG.md = ..\CHANGELOG.md
		..\README.md = ..\README.md
	EndProjectSection
EndProject
Project("{2150E333-8FDC-42A3-9474-1A3956D46DE8}") = "docs", "docs", "{CE45555F-7815-4DF1-B20E-073339D008C6}"
	ProjectSection(SolutionItems) = preProject
		..\docs\contributing.md = ..\docs\contributing.md
		..\docs\readme.md = ..\docs\readme.md
		..\docs\usage.md = ..\docs\usage.md
	EndProjectSection
EndProject
Global
	GlobalSection(SolutionConfigurationPlatforms) = preSolution
		Debug|Any CPU = Debug|Any CPU
		Release|Any CPU = Release|Any CPU
	EndGlobalSection
	GlobalSection(ProjectConfigurationPlatforms) = postSolution
		{41F3FA0A-A6EE-4525-9B2B-523A0D5AD292}.Debug|Any CPU.ActiveCfg = Debug|Any CPU
		{41F3FA0A-A6EE-4525-9B2B-523A0D5AD292}.Debug|Any CPU.Build.0 = Debug|Any CPU
		{41F3FA0A-A6EE-4525-9B2B-523A0D5AD292}.Release|Any CPU.ActiveCfg = Release|Any CPU
		{41F3FA0A-A6EE-4525-9B2B-523A0D5AD292}.Release|Any CPU.Build.0 = Release|Any CPU
		{55EB814D-E978-4EDA-A22C-353ED22FB2FD}.Debug|Any CPU.ActiveCfg = Debug|Any CPU
		{55EB814D-E978-4EDA-A22C-353ED22FB2FD}.Debug|Any CPU.Build.0 = Debug|Any CPU
		{55EB814D-E978-4EDA-A22C-353ED22FB2FD}.Release|Any CPU.ActiveCfg = Release|Any CPU
		{55EB814D-E978-4EDA-A22C-353ED22FB2FD}.Release|Any CPU.Build.0 = Release|Any CPU
	EndGlobalSection
	GlobalSection(SolutionProperties) = preSolution
		HideSolutionNode = FALSE
	EndGlobalSection
	GlobalSection(NestedProjects) = preSolution
		{CE45555F-7815-4DF1-B20E-073339D008C6} = {21514985-11EB-4490-A990-8B074D458F2E}
	EndGlobalSection
	GlobalSection(ExtensibilityGlobals) = postSolution
		SolutionGuid = {3491DE50-55CE-40C0-864A-83C81CE9344F}
	EndGlobalSection
EndGlobal
