
Microsoft Visual Studio Solution File, Format Version 12.00
# Visual Studio 15
VisualStudioVersion = 15.0.27703.2047
MinimumVisualStudioVersion = 10.0.40219.1
Project("{9A19103F-16F7-4668-BE54-9A1E7A4F7556}") = "BCC.MSBuildLog", "BCC.MSBuildLog\BCC.MSBuildLog.csproj", "{41F3FA0A-A6EE-4525-9B2B-523A0D5AD292}"
EndProject
Project("{9A19103F-16F7-4668-BE54-9A1E7A4F7556}") = "BCC.MSBuildLog.Tests", "BCC.MSBuildLog.Tests\BCC.MSBuildLog.Tests.csproj", "{55EB814D-E978-4EDA-A22C-353ED22FB2FD}"
EndProject
Project("{2150E333-8FDC-42A3-9474-1A3956D46DE8}") = "Build", "Build", "{FFB46A17-BCAF-4CC2-B19D-5870CA69E90D}"
	ProjectSection(SolutionItems) = preProject
		..\appveyor.yml = ..\appveyor.yml
		..\Build.fsx = ..\Build.fsx
		..\codecov.yml = ..\codecov.yml
		..\GitVersion.yml = ..\GitVersion.yml
		nuget.config = nuget.config
		..\nuget\Package.nuspec = ..\nuget\Package.nuspec
		..\paket.dependencies = ..\paket.dependencies
	EndProjectSection
EndProject
Project("{9A19103F-16F7-4668-BE54-9A1E7A4F7556}") = "BCC.Core", "BCC.Core\BCC.Core.csproj", "{8EDD3FC6-1720-4B07-A471-3408D20F5066}"
EndProject
Project("{9A19103F-16F7-4668-BE54-9A1E7A4F7556}") = "BCC.Core.Tests", "BCC.Core.Tests\BCC.Core.Tests.csproj", "{83C46227-F6DE-45F9-B9C9-25373757ED2D}"
EndProject
Project("{9A19103F-16F7-4668-BE54-9A1E7A4F7556}") = "BCC.Submission", "BCC.Submission\BCC.Submission.csproj", "{5101D12E-9603-4870-8F2D-B845891DBF0D}"
EndProject
Project("{9A19103F-16F7-4668-BE54-9A1E7A4F7556}") = "BCC.Submission.Tests", "BCC.Submission.Tests\BCC.Submission.Tests.csproj", "{B2172AD5-78D3-4372-B138-C4112E6B000C}"
EndProject
Project("{FAE04EC0-301F-11D3-BF4B-00C04F79EFBC}") = "BCC.MSBuildLog.Logger", "BCC.MSBuildLog.Logger\BCC.MSBuildLog.Logger.csproj", "{A20DFA67-D7F0-4C80-8689-2366D0B3FB4E}"
EndProject
Project("{FAE04EC0-301F-11D3-BF4B-00C04F79EFBC}") = "BCC.MSBuildLog.Logger.Tests", "BCC.MSBuildLog.Logger.Tests\BCC.MSBuildLog.Logger.Tests.csproj", "{C282EE01-F951-454B-9A82-FA7A0B673ECE}"
EndProject
Global
	GlobalSection(SolutionConfigurationPlatforms) = preSolution
		Debug|Any CPU = Debug|Any CPU
		Release|Any CPU = Release|Any CPU
	EndGlobalSection
	GlobalSection(ProjectConfigurationPlatforms) = postSolution
		{41F3FA0A-A6EE-4525-9B2B-523A0D5AD292}.Debug|Any CPU.ActiveCfg = Debug|Any CPU
		{41F3FA0A-A6EE-4525-9B2B-523A0D5AD292}.Debug|Any CPU.Build.0 = Debug|Any CPU
		{41F3FA0A-A6EE-4525-9B2B-523A0D5AD292}.Release|Any CPU.ActiveCfg = Release|Any CPU
		{41F3FA0A-A6EE-4525-9B2B-523A0D5AD292}.Release|Any CPU.Build.0 = Release|Any CPU
		{55EB814D-E978-4EDA-A22C-353ED22FB2FD}.Debug|Any CPU.ActiveCfg = Debug|Any CPU
		{55EB814D-E978-4EDA-A22C-353ED22FB2FD}.Debug|Any CPU.Build.0 = Debug|Any CPU
		{55EB814D-E978-4EDA-A22C-353ED22FB2FD}.Release|Any CPU.ActiveCfg = Release|Any CPU
		{55EB814D-E978-4EDA-A22C-353ED22FB2FD}.Release|Any CPU.Build.0 = Release|Any CPU
		{8EDD3FC6-1720-4B07-A471-3408D20F5066}.Debug|Any CPU.ActiveCfg = Debug|Any CPU
		{8EDD3FC6-1720-4B07-A471-3408D20F5066}.Debug|Any CPU.Build.0 = Debug|Any CPU
		{8EDD3FC6-1720-4B07-A471-3408D20F5066}.Release|Any CPU.ActiveCfg = Release|Any CPU
		{8EDD3FC6-1720-4B07-A471-3408D20F5066}.Release|Any CPU.Build.0 = Release|Any CPU
		{83C46227-F6DE-45F9-B9C9-25373757ED2D}.Debug|Any CPU.ActiveCfg = Debug|Any CPU
		{83C46227-F6DE-45F9-B9C9-25373757ED2D}.Debug|Any CPU.Build.0 = Debug|Any CPU
		{83C46227-F6DE-45F9-B9C9-25373757ED2D}.Release|Any CPU.ActiveCfg = Release|Any CPU
		{83C46227-F6DE-45F9-B9C9-25373757ED2D}.Release|Any CPU.Build.0 = Release|Any CPU
		{5101D12E-9603-4870-8F2D-B845891DBF0D}.Debug|Any CPU.ActiveCfg = Debug|Any CPU
		{5101D12E-9603-4870-8F2D-B845891DBF0D}.Debug|Any CPU.Build.0 = Debug|Any CPU
		{5101D12E-9603-4870-8F2D-B845891DBF0D}.Release|Any CPU.ActiveCfg = Release|Any CPU
		{5101D12E-9603-4870-8F2D-B845891DBF0D}.Release|Any CPU.Build.0 = Release|Any CPU
		{B2172AD5-78D3-4372-B138-C4112E6B000C}.Debug|Any CPU.ActiveCfg = Debug|Any CPU
		{B2172AD5-78D3-4372-B138-C4112E6B000C}.Debug|Any CPU.Build.0 = Debug|Any CPU
		{B2172AD5-78D3-4372-B138-C4112E6B000C}.Release|Any CPU.ActiveCfg = Release|Any CPU
		{B2172AD5-78D3-4372-B138-C4112E6B000C}.Release|Any CPU.Build.0 = Release|Any CPU
		{A20DFA67-D7F0-4C80-8689-2366D0B3FB4E}.Debug|Any CPU.ActiveCfg = Debug|Any CPU
		{A20DFA67-D7F0-4C80-8689-2366D0B3FB4E}.Debug|Any CPU.Build.0 = Debug|Any CPU
		{A20DFA67-D7F0-4C80-8689-2366D0B3FB4E}.Release|Any CPU.ActiveCfg = Release|Any CPU
		{A20DFA67-D7F0-4C80-8689-2366D0B3FB4E}.Release|Any CPU.Build.0 = Release|Any CPU
		{C282EE01-F951-454B-9A82-FA7A0B673ECE}.Debug|Any CPU.ActiveCfg = Debug|Any CPU
		{C282EE01-F951-454B-9A82-FA7A0B673ECE}.Debug|Any CPU.Build.0 = Debug|Any CPU
		{C282EE01-F951-454B-9A82-FA7A0B673ECE}.Release|Any CPU.ActiveCfg = Release|Any CPU
		{C282EE01-F951-454B-9A82-FA7A0B673ECE}.Release|Any CPU.Build.0 = Release|Any CPU
	EndGlobalSection
	GlobalSection(SolutionProperties) = preSolution
		HideSolutionNode = FALSE
	EndGlobalSection
	GlobalSection(ExtensibilityGlobals) = postSolution
		SolutionGuid = {3491DE50-55CE-40C0-864A-83C81CE9344F}
	EndGlobalSection
EndGlobal
